Microsoft Visual Studio Solution File, Format Version 12.00
# Visual Studio 15
VisualStudioVersion = 15.0.26730.3
MinimumVisualStudioVersion = 10.0.40219.1
Project("{888888A0-9F3D-457C-B088-3A5042F75D52}") = "moonmachine", "..\moonmachine.pyproj", "{F5D9A86D-D6C5-4F7A-8FB8-21CC66E6E9A3}"
EndProject
Global
	GlobalSection(SolutionConfigurationPlatforms) = preSolution
		Debug|Any CPU = Debug|Any CPU
		Release|Any CPU = Release|Any CPU
	EndGlobalSection
	GlobalSection(ProjectConfigurationPlatforms) = postSolution
		{F5D9A86D-D6C5-4F7A-8FB8-21CC66E6E9A3}.Debug|Any CPU.ActiveCfg = Debug|Any CPU
		{F5D9A86D-D6C5-4F7A-8FB8-21CC66E6E9A3}.Release|Any CPU.ActiveCfg = Release|Any CPU
	EndGlobalSection
	GlobalSection(SolutionProperties) = preSolution
		HideSolutionNode = FALSE
	EndGlobalSection
	GlobalSection(ExtensibilityGlobals) = postSolution
		SolutionGuid = {63173FE6-2160-40C5-B0D1-9AE1220FBB74}
	EndGlobalSection
EndGlobal
